<?xml version="1.0" encoding="utf-8"?>
<Project ToolsVersion="4.0" xmlns="http://schemas.microsoft.com/developer/msbuild/2003">
  <ItemGroup>
    <Filter Include="Source Files">
      <UniqueIdentifier>{4FC737F1-C7A5-4376-A066-2A32D752A2FF}</UniqueIdentifier>
      <Extensions>cpp;c;cc;cxx;def;odl;idl;hpj;bat;asm;asmx</Extensions>
    </Filter>
    <Filter Include="Header Files">
      <UniqueIdentifier>{93995380-89BD-4b04-88EB-625FBE52EBFB}</UniqueIdentifier>
      <Extensions>h;hh;hpp;hxx;hm;inl;inc;ipp;xsd</Extensions>
    </Filter>
    <Filter Include="Resource Files">
      <UniqueIdentifier>{67DA6AB6-F800-4c08-8B7A-83BB121AAD01}</UniqueIdentifier>
      <Extensions>rc;ico;cur;bmp;dlg;rc2;rct;bin;rgs;gif;jpg;jpeg;jpe;resx;tiff;tif;png;wav;mfcribbon-ms</Extensions>
    </Filter>
  </ItemGroup>
  <ItemGroup>
    <ClCompile Include="main.cpp">
      <Filter>Source Files</Filter>
    </ClCompile>
    <ClCompile Include="Win32\AkDefaultIOHookBlocking.cpp">
      <Filter>Source Files</Filter>
    </ClCompile>
    <ClCompile Include="Win32\stdafx.cpp">
      <Filter>Source Files</Filter>
    </ClCompile>
    <ClCompile Include="Common\AkMultipleFileLocation.cpp">
      <Filter>Source Files</Filter>
    </ClCompile>
    <ClCompile Include="Common\AkFilePackage.cpp">
      <Filter>Source Files</Filter>
    </ClCompile>
    <ClCompile Include="Common\AkFilePackageLUT.cpp">
      <Filter>Source Files</Filter>
    </ClCompile>
  </ItemGroup>
  <ItemGroup>
    <ClInclude Include="Win32\AkFilePackageLowLevelIOBlocking.h">
      <Filter>Header Files</Filter>
    </ClInclude>
    <ClInclude Include="Win32\AkDefaultIOHookBlocking.h">
      <Filter>Header Files</Filter>
    </ClInclude>
    <ClInclude Include="Win32\AkFileHelpers.h">
      <Filter>Header Files</Filter>
    </ClInclude>
    <ClInclude Include="Win32\stdafx.h">
      <Filter>Header Files</Filter>
    </ClInclude>
    <ClInclude Include="Common\AkMultipleFileLocation.h">
      <Filter>Header Files</Filter>
    </ClInclude>
    <ClInclude Include="Common\AkFilePackageLowLevelIO.h">
      <Filter>Header Files</Filter>
    </ClInclude>
    <ClInclude Include="Common\AkFilePackage.h">
      <Filter>Header Files</Filter>
    </ClInclude>
    <ClInclude Include="Common\AkFilePackageLUT.h">
      <Filter>Header Files</Filter>
    </ClInclude>
    <ClInclude Include="Wwise_IDs.h">
      <Filter>Header Files</Filter>
    </ClInclude>
  </ItemGroup>
  <ItemGroup>
    <None Include="Common\AkFilePackageLowLevelIO.inl">
      <Filter>Header Files</Filter>
    </None>
    <None Include="SoundBanks\BGM.bnk" />
    <None Include="SoundBanks\Bus3d_Demo.bnk" />
    <None Include="SoundBanks\Car.bnk" />
    <None Include="SoundBanks\Dirt.bnk" />
    <None Include="SoundBanks\ExternalSources.bnk" />
    <None Include="SoundBanks\ExternalSources.pck" />
    <None Include="SoundBanks\Gravel.bnk" />
    <None Include="SoundBanks\Init.bnk" />
    <None Include="SoundBanks\InteractiveMusic.bnk" />
    <None Include="SoundBanks\MarkerTest.bnk" />
    <None Include="SoundBanks\Metal.bnk" />
    <None Include="SoundBanks\Metronome.bnk" />
    <None Include="SoundBanks\Microphone.bnk" />
    <None Include="SoundBanks\MusicCallbacks.bnk" />
    <None Include="SoundBanks\Positioning_Demo.bnk" />
    <None Include="SoundBanks\Wood.bnk" />
    <None Include="SoundBanks\French(Canada)\DynamicDialogue.bnk" />
    <None Include="SoundBanks\French(Canada)\Human.bnk" />
    <None Include="SoundBanks\French(Canada)\TestRSX.bnk" />
    <None Include="SoundBanks\English(US)\DynamicDialogue.bnk" />
    <None Include="SoundBanks\English(US)\Human.bnk" />
    <None Include="SoundBanks\English(US)\TestRSX.bnk" />
  </ItemGroup>
  <ItemGroup>
    <Text Include="SoundBanks\BGM.txt" />
    <Text Include="SoundBanks\Bus3d_Demo.txt" />
    <Text Include="SoundBanks\Car.txt" />
    <Text Include="SoundBanks\Dirt.txt" />
    <Text Include="SoundBanks\ExternalSources.txt" />
    <Text Include="SoundBanks\Gravel.txt" />
    <Text Include="SoundBanks\Init.txt" />
    <Text Include="SoundBanks\InteractiveMusic.txt" />
    <Text Include="SoundBanks\MarkerTest.txt" />
    <Text Include="SoundBanks\Metal.txt" />
    <Text Include="SoundBanks\Metronome.txt" />
    <Text Include="SoundBanks\Microphone.txt" />
    <Text Include="SoundBanks\MusicCallbacks.txt" />
    <Text Include="SoundBanks\Positioning_Demo.txt" />
    <Text Include="SoundBanks\Wood.txt" />
    <Text Include="SoundBanks\French(Canada)\DynamicDialogue.txt" />
    <Text Include="SoundBanks\French(Canada)\Human.txt" />
    <Text Include="SoundBanks\French(Canada)\TestRSX.txt" />
    <Text Include="SoundBanks\English(US)\DynamicDialogue.txt" />
    <Text Include="SoundBanks\English(US)\Human.txt" />
    <Text Include="SoundBanks\English(US)\TestRSX.txt" />
  </ItemGroup>
  <ItemGroup>
    <Xml Include="SoundBanks\PluginInfo.xml" />
    <Xml Include="SoundBanks\SoundbanksInfo.xml" />
  </ItemGroup>
</Project>